dependencies:
  YOBA:
    dependencies: []
    source:
      path: C:\Users\Igor\Documents\Code\MCU\ESP32\Charlotte\RNAVWatch\components\YOBA
      type: local
    version: 0.0.1
  YOBAUnits:
    dependencies: []
    source:
      path: C:\Users\Igor\Documents\Code\MCU\ESP32\Charlotte\RNAVWatch\components\YOBAUnits
      type: local
    version: 0.0.1
  idf:
    source:
      type: idf
    version: 5.4.1
direct_dependencies:
- YOBA
- YOBAUnits
manifest_hash: 4779b4a94103fd4f3b917c5fbd2f962bb32bc50f0e793dad07f7d5d9004b18cc
target: esp32c3
version: 2.0.0
