dependencies:
  YOBA:
    dependencies: []
    source:
      path: C:\Users\Igor\Documents\Code\MCU\ESP32\Charlotte\RNAVWatch\components\YOBA
      type: local
    version: 0.0.1
  YOBANVSSettings:
    dependencies: []
    source:
      path: C:\Users\Igor\Documents\Code\MCU\ESP32\Charlotte\RNAVWatch\components\YOBANVSSettings
      type: local
    version: 0.0.1
  YOBAUnits:
    dependencies: []
    source:
      path: C:\Users\Igor\Documents\Code\MCU\ESP32\Charlotte\RNAVWatch\components\YOBAUnits
      type: local
    version: 0.0.1
  idf:
    source:
      type: idf
    version: 5.4.1
direct_dependencies:
- YOBA
- YOBANVSSettings
- YOBAUnits
manifest_hash: b1b55f5566dcd4e19a8ea508ac4e7bb14562f54d6be6945c4f6bc66b753e2d09
target: esp32c3
version: 2.0.0
